
Microsoft Visual Studio Solution File, Format Version 12.00
# Visual Studio 15
VisualStudioVersion = 15.0.28307.421
MinimumVisualStudioVersion = 10.0.40219.1
Project("{FAE04EC0-301F-11D3-BF4B-00C04F79EFBC}") = "FormHafta6_14022019", "FormHafta6_14022019\FormHafta6_14022019.csproj", "{58562B55-80A9-4286-9085-6154BFFA7B29}"
EndProject
Global
	GlobalSection(SolutionConfigurationPlatforms) = preSolution
		Debug|Any CPU = Debug|Any CPU
		Release|Any CPU = Release|Any CPU
	EndGlobalSection
	GlobalSection(ProjectConfigurationPlatforms) = postSolution
		{58562B55-80A9-4286-9085-6154BFFA7B29}.Debug|Any CPU.ActiveCfg = Debug|Any CPU
		{58562B55-80A9-4286-9085-6154BFFA7B29}.Debug|Any CPU.Build.0 = Debug|Any CPU
		{58562B55-80A9-4286-9085-6154BFFA7B29}.Release|Any CPU.ActiveCfg = Release|Any CPU
		{58562B55-80A9-4286-9085-6154BFFA7B29}.Release|Any CPU.Build.0 = Release|Any CPU
	EndGlobalSection
	GlobalSection(SolutionProperties) = preSolution
		HideSolutionNode = FALSE
	EndGlobalSection
	GlobalSection(ExtensibilityGlobals) = postSolution
		SolutionGuid = {37BDBE9E-26ED-4631-8852-E95CCD6298BB}
	EndGlobalSection
EndGlobal
